
Microsoft Visual Studio Solution File, Format Version 12.00
# Visual Studio 2013
VisualStudioVersion = 12.0.21005.1
MinimumVisualStudioVersion = 10.0.40219.1
Project("{FAE04EC0-301F-11D3-BF4B-00C04F79EFBC}") = "TwitterApp", "TwitterApp\TwitterApp.csproj", "{18148DD4-ED7F-4858-B337-D26432D120B7}"
EndProject
Project("{FAE04EC0-301F-11D3-BF4B-00C04F79EFBC}") = "TwitterInteraction", "TwitterInteraction\TwitterInteraction.csproj", "{EB1A6B65-0030-428E-999B-77E212E4AD3A}"
EndProject
Global
	GlobalSection(SolutionConfigurationPlatforms) = preSolution
		Debug|Any CPU = Debug|Any CPU
		Release|Any CPU = Release|Any CPU
	EndGlobalSection
	GlobalSection(ProjectConfigurationPlatforms) = postSolution
		{18148DD4-ED7F-4858-B337-D26432D120B7}.Debug|Any CPU.ActiveCfg = Debug|Any CPU
		{18148DD4-ED7F-4858-B337-D26432D120B7}.Debug|Any CPU.Build.0 = Debug|Any CPU
		{18148DD4-ED7F-4858-B337-D26432D120B7}.Release|Any CPU.ActiveCfg = Release|Any CPU
		{18148DD4-ED7F-4858-B337-D26432D120B7}.Release|Any CPU.Build.0 = Release|Any CPU
		{EB1A6B65-0030-428E-999B-77E212E4AD3A}.Debug|Any CPU.ActiveCfg = Debug|Any CPU
		{EB1A6B65-0030-428E-999B-77E212E4AD3A}.Debug|Any CPU.Build.0 = Debug|Any CPU
		{EB1A6B65-0030-428E-999B-77E212E4AD3A}.Release|Any CPU.ActiveCfg = Release|Any CPU
		{EB1A6B65-0030-428E-999B-77E212E4AD3A}.Release|Any CPU.Build.0 = Release|Any CPU
	EndGlobalSection
	GlobalSection(SolutionProperties) = preSolution
		HideSolutionNode = FALSE
	EndGlobalSection
EndGlobal
